
Microsoft Visual Studio Solution File, Format Version 12.00
# Visual Studio Version 17
VisualStudioVersion = 17.7.34202.233
MinimumVisualStudioVersion = 10.0.40219.1
Project("{9A19103F-16F7-4668-BE54-9A1E7A4F7556}") = "MagicVilla_Api", "MagicVilla_Api\MagicVilla_Api.csproj", "{2A89B589-C77C-47A7-B0EA-47D69DA28E75}"
EndProject
Global
	GlobalSection(SolutionConfigurationPlatforms) = preSolution
		Debug|Any CPU = Debug|Any CPU
		Release|Any CPU = Release|Any CPU
	EndGlobalSection
	GlobalSection(ProjectConfigurationPlatforms) = postSolution
		{2A89B589-C77C-47A7-B0EA-47D69DA28E75}.Debug|Any CPU.ActiveCfg = Debug|Any CPU
		{2A89B589-C77C-47A7-B0EA-47D69DA28E75}.Debug|Any CPU.Build.0 = Debug|Any CPU
		{2A89B589-C77C-47A7-B0EA-47D69DA28E75}.Release|Any CPU.ActiveCfg = Release|Any CPU
		{2A89B589-C77C-47A7-B0EA-47D69DA28E75}.Release|Any CPU.Build.0 = Release|Any CPU
	EndGlobalSection
	GlobalSection(SolutionProperties) = preSolution
		HideSolutionNode = FALSE
	EndGlobalSection
	GlobalSection(ExtensibilityGlobals) = postSolution
		SolutionGuid = {49A09375-3A6B-4DA1-A1F3-8AD6E5AB1F6A}
	EndGlobalSection
EndGlobal
